// !$*UTF8*$!
{
	archiveVersion = 1;
	classes = {
	};
	objectVersion = 50;
	objects = {

/* Begin PBXBuildFile section */
		0E9DB0A7457EE0F439E9FDFF /* Pods_GPDelivery_GPDeliveryTests.framework in Frameworks */ = {isa = PBXBuildFile; fileRef = B349F3C2DABE34F2559D563E /* Pods_GPDelivery_GPDeliveryTests.framework */; };
		28DC54E4A2628B7B557C133A /* Pods_GPDeliveryUITests.framework in Frameworks */ = {isa = PBXBuildFile; fileRef = AD8D1C4C825D09D26DF1ACC5 /* Pods_GPDeliveryUITests.framework */; };
		4521E1C021004DA900568BEE /* AppDelegate.swift in Sources */ = {isa = PBXBuildFile; fileRef = 4521E1BF21004DA900568BEE /* AppDelegate.swift */; };
		4521E1C721004DAA00568BEE /* Assets.xcassets in Resources */ = {isa = PBXBuildFile; fileRef = 4521E1C621004DAA00568BEE /* Assets.xcassets */; };
		4521E1CA21004DAB00568BEE /* LaunchScreen.storyboard in Resources */ = {isa = PBXBuildFile; fileRef = 4521E1C821004DAA00568BEE /* LaunchScreen.storyboard */; };
		4521E1E021004DAB00568BEE /* GPDeliveryUITests.swift in Sources */ = {isa = PBXBuildFile; fileRef = 4521E1DF21004DAB00568BEE /* GPDeliveryUITests.swift */; };
		4574C1B621009A8400252808 /* BaseViewController.swift in Sources */ = {isa = PBXBuildFile; fileRef = 4574C1B521009A8400252808 /* BaseViewController.swift */; };
		4574C1B921009AE300252808 /* Location.swift in Sources */ = {isa = PBXBuildFile; fileRef = 4574C1B721009AE300252808 /* Location.swift */; };
		4574C1BA21009AE300252808 /* Delivery.swift in Sources */ = {isa = PBXBuildFile; fileRef = 4574C1B821009AE300252808 /* Delivery.swift */; };
		4574C1BC21009AF900252808 /* DeliveriesViewController.swift in Sources */ = {isa = PBXBuildFile; fileRef = 4574C1BB21009AF900252808 /* DeliveriesViewController.swift */; };
		4574C1BE21009B4300252808 /* DeliveriesViewController+SetupViews.swift in Sources */ = {isa = PBXBuildFile; fileRef = 4574C1BD21009B4300252808 /* DeliveriesViewController+SetupViews.swift */; };
		4574C1C021009C2000252808 /* BaseTableView.swift in Sources */ = {isa = PBXBuildFile; fileRef = 4574C1BF21009C2000252808 /* BaseTableView.swift */; };
		4574C1C221009CD100252808 /* BaseTableViewCell.swift in Sources */ = {isa = PBXBuildFile; fileRef = 4574C1C121009CD100252808 /* BaseTableViewCell.swift */; };
		4574C1C521009DC800252808 /* DeliveryTableViewCell.swift in Sources */ = {isa = PBXBuildFile; fileRef = 4574C1C421009DC800252808 /* DeliveryTableViewCell.swift */; };
		4574C1C92100FCA900252808 /* DeliveryService.swift in Sources */ = {isa = PBXBuildFile; fileRef = 4574C1C82100FCA900252808 /* DeliveryService.swift */; };
		4574C1CC2100FEDA00252808 /* GPDeliveryNetworkTests.swift in Sources */ = {isa = PBXBuildFile; fileRef = 4574C1CB2100FEDA00252808 /* GPDeliveryNetworkTests.swift */; };
		4574C1CE2101612D00252808 /* UIImage+GPDelivery.swift in Sources */ = {isa = PBXBuildFile; fileRef = 4574C1CD2101612D00252808 /* UIImage+GPDelivery.swift */; };
		4574C1D0210161A600252808 /* UIColor+GPDelivery.swift in Sources */ = {isa = PBXBuildFile; fileRef = 4574C1CF210161A600252808 /* UIColor+GPDelivery.swift */; };
		4574C1D42101652600252808 /* DeliveryViewModel.swift in Sources */ = {isa = PBXBuildFile; fileRef = 4574C1D32101652600252808 /* DeliveryViewModel.swift */; };
		B790776E176C6BBC60D718AA /* Pods_GPDelivery.framework in Frameworks */ = {isa = PBXBuildFile; fileRef = F69348760910F9797909A9ED /* Pods_GPDelivery.framework */; };
/* End PBXBuildFile section */

/* Begin PBXContainerItemProxy section */
		4521E1D121004DAB00568BEE /* PBXContainerItemProxy */ = {
			isa = PBXContainerItemProxy;
			containerPortal = 4521E1B421004DA900568BEE /* Project object */;
			proxyType = 1;
			remoteGlobalIDString = 4521E1BB21004DA900568BEE;
			remoteInfo = GPDelivery;
		};
		4521E1DC21004DAB00568BEE /* PBXContainerItemProxy */ = {
			isa = PBXContainerItemProxy;
			containerPortal = 4521E1B421004DA900568BEE /* Project object */;
			proxyType = 1;
			remoteGlobalIDString = 4521E1BB21004DA900568BEE;
			remoteInfo = GPDelivery;
		};
/* End PBXContainerItemProxy section */

/* Begin PBXFileReference section */
		01B860B6307F0D97E48F592C /* Pods-GPDelivery-GPDeliveryTests.release.xcconfig */ = {isa = PBXFileReference; includeInIndex = 1; lastKnownFileType = text.xcconfig; name = "Pods-GPDelivery-GPDeliveryTests.release.xcconfig"; path = "../Pods/Target Support Files/Pods-GPDelivery-GPDeliveryTests/Pods-GPDelivery-GPDeliveryTests.release.xcconfig"; sourceTree = "<group>"; };
		046D3996692ABE110CF2BD88 /* Pods-GPDeliveryUITests.debug.xcconfig */ = {isa = PBXFileReference; includeInIndex = 1; lastKnownFileType = text.xcconfig; name = "Pods-GPDeliveryUITests.debug.xcconfig"; path = "../Pods/Target Support Files/Pods-GPDeliveryUITests/Pods-GPDeliveryUITests.debug.xcconfig"; sourceTree = "<group>"; };
		31B7648A86021F6627B6A051 /* Pods-GPDeliveryUITests.release.xcconfig */ = {isa = PBXFileReference; includeInIndex = 1; lastKnownFileType = text.xcconfig; name = "Pods-GPDeliveryUITests.release.xcconfig"; path = "../Pods/Target Support Files/Pods-GPDeliveryUITests/Pods-GPDeliveryUITests.release.xcconfig"; sourceTree = "<group>"; };
		3A899122AB7B056CD6150657 /* Pods-GPDelivery-GPDeliveryTests.debug.xcconfig */ = {isa = PBXFileReference; includeInIndex = 1; lastKnownFileType = text.xcconfig; name = "Pods-GPDelivery-GPDeliveryTests.debug.xcconfig"; path = "../Pods/Target Support Files/Pods-GPDelivery-GPDeliveryTests/Pods-GPDelivery-GPDeliveryTests.debug.xcconfig"; sourceTree = "<group>"; };
		4521E1BC21004DA900568BEE /* GPDelivery.app */ = {isa = PBXFileReference; explicitFileType = wrapper.application; includeInIndex = 0; path = GPDelivery.app; sourceTree = BUILT_PRODUCTS_DIR; };
		4521E1BF21004DA900568BEE /* AppDelegate.swift */ = {isa = PBXFileReference; lastKnownFileType = sourcecode.swift; path = AppDelegate.swift; sourceTree = "<group>"; };
		4521E1C621004DAA00568BEE /* Assets.xcassets */ = {isa = PBXFileReference; lastKnownFileType = folder.assetcatalog; path = Assets.xcassets; sourceTree = "<group>"; };
		4521E1C921004DAA00568BEE /* Base */ = {isa = PBXFileReference; lastKnownFileType = file.storyboard; name = Base; path = Base.lproj/LaunchScreen.storyboard; sourceTree = "<group>"; };
		4521E1CB21004DAB00568BEE /* Info.plist */ = {isa = PBXFileReference; lastKnownFileType = text.plist.xml; path = Info.plist; sourceTree = "<group>"; };
		4521E1D021004DAB00568BEE /* GPDeliveryTests.xctest */ = {isa = PBXFileReference; explicitFileType = wrapper.cfbundle; includeInIndex = 0; path = GPDeliveryTests.xctest; sourceTree = BUILT_PRODUCTS_DIR; };
		4521E1D621004DAB00568BEE /* Info.plist */ = {isa = PBXFileReference; lastKnownFileType = text.plist.xml; path = Info.plist; sourceTree = "<group>"; };
		4521E1DB21004DAB00568BEE /* GPDeliveryUITests.xctest */ = {isa = PBXFileReference; explicitFileType = wrapper.cfbundle; includeInIndex = 0; path = GPDeliveryUITests.xctest; sourceTree = BUILT_PRODUCTS_DIR; };
		4521E1DF21004DAB00568BEE /* GPDeliveryUITests.swift */ = {isa = PBXFileReference; lastKnownFileType = sourcecode.swift; path = GPDeliveryUITests.swift; sourceTree = "<group>"; };
		4521E1E121004DAB00568BEE /* Info.plist */ = {isa = PBXFileReference; lastKnownFileType = text.plist.xml; path = Info.plist; sourceTree = "<group>"; };
		4574C1B521009A8400252808 /* BaseViewController.swift */ = {isa = PBXFileReference; lastKnownFileType = sourcecode.swift; path = BaseViewController.swift; sourceTree = "<group>"; };
		4574C1B721009AE300252808 /* Location.swift */ = {isa = PBXFileReference; fileEncoding = 4; lastKnownFileType = sourcecode.swift; path = Location.swift; sourceTree = "<group>"; };
		4574C1B821009AE300252808 /* Delivery.swift */ = {isa = PBXFileReference; fileEncoding = 4; lastKnownFileType = sourcecode.swift; path = Delivery.swift; sourceTree = "<group>"; };
		4574C1BB21009AF900252808 /* DeliveriesViewController.swift */ = {isa = PBXFileReference; lastKnownFileType = sourcecode.swift; path = DeliveriesViewController.swift; sourceTree = "<group>"; };
		4574C1BD21009B4300252808 /* DeliveriesViewController+SetupViews.swift */ = {isa = PBXFileReference; lastKnownFileType = sourcecode.swift; path = "DeliveriesViewController+SetupViews.swift"; sourceTree = "<group>"; };
		4574C1BF21009C2000252808 /* BaseTableView.swift */ = {isa = PBXFileReference; lastKnownFileType = sourcecode.swift; path = BaseTableView.swift; sourceTree = "<group>"; };
		4574C1C121009CD100252808 /* BaseTableViewCell.swift */ = {isa = PBXFileReference; lastKnownFileType = sourcecode.swift; path = BaseTableViewCell.swift; sourceTree = "<group>"; };
		4574C1C421009DC800252808 /* DeliveryTableViewCell.swift */ = {isa = PBXFileReference; lastKnownFileType = sourcecode.swift; path = DeliveryTableViewCell.swift; sourceTree = "<group>"; };
		4574C1C82100FCA900252808 /* DeliveryService.swift */ = {isa = PBXFileReference; lastKnownFileType = sourcecode.swift; path = DeliveryService.swift; sourceTree = "<group>"; };
		4574C1CA2100FEDA00252808 /* GPDeliveryTests-Bridging-Header.h */ = {isa = PBXFileReference; lastKnownFileType = sourcecode.c.h; path = "GPDeliveryTests-Bridging-Header.h"; sourceTree = "<group>"; };
		4574C1CB2100FEDA00252808 /* GPDeliveryNetworkTests.swift */ = {isa = PBXFileReference; lastKnownFileType = sourcecode.swift; path = GPDeliveryNetworkTests.swift; sourceTree = "<group>"; };
		4574C1CD2101612D00252808 /* UIImage+GPDelivery.swift */ = {isa = PBXFileReference; lastKnownFileType = sourcecode.swift; path = "UIImage+GPDelivery.swift"; sourceTree = "<group>"; };
		4574C1CF210161A600252808 /* UIColor+GPDelivery.swift */ = {isa = PBXFileReference; lastKnownFileType = sourcecode.swift; path = "UIColor+GPDelivery.swift"; sourceTree = "<group>"; };
		4574C1D32101652600252808 /* DeliveryViewModel.swift */ = {isa = PBXFileReference; lastKnownFileType = sourcecode.swift; path = DeliveryViewModel.swift; sourceTree = "<group>"; };
		666C3BA5924DF0720AF35BA7 /* Pods-GPDelivery.debug.xcconfig */ = {isa = PBXFileReference; includeInIndex = 1; lastKnownFileType = text.xcconfig; name = "Pods-GPDelivery.debug.xcconfig"; path = "../Pods/Target Support Files/Pods-GPDelivery/Pods-GPDelivery.debug.xcconfig"; sourceTree = "<group>"; };
		6962917AED944400E0471F62 /* Pods-GPDelivery.release.xcconfig */ = {isa = PBXFileReference; includeInIndex = 1; lastKnownFileType = text.xcconfig; name = "Pods-GPDelivery.release.xcconfig"; path = "../Pods/Target Support Files/Pods-GPDelivery/Pods-GPDelivery.release.xcconfig"; sourceTree = "<group>"; };
		AD8D1C4C825D09D26DF1ACC5 /* Pods_GPDeliveryUITests.framework */ = {isa = PBXFileReference; explicitFileType = wrapper.framework; includeInIndex = 0; path = Pods_GPDeliveryUITests.framework; sourceTree = BUILT_PRODUCTS_DIR; };
		B349F3C2DABE34F2559D563E /* Pods_GPDelivery_GPDeliveryTests.framework */ = {isa = PBXFileReference; explicitFileType = wrapper.framework; includeInIndex = 0; path = Pods_GPDelivery_GPDeliveryTests.framework; sourceTree = BUILT_PRODUCTS_DIR; };
		F69348760910F9797909A9ED /* Pods_GPDelivery.framework */ = {isa = PBXFileReference; explicitFileType = wrapper.framework; includeInIndex = 0; path = Pods_GPDelivery.framework; sourceTree = BUILT_PRODUCTS_DIR; };
/* End PBXFileReference section */

/* Begin PBXFrameworksBuildPhase section */
		4521E1B921004DA900568BEE /* Frameworks */ = {
			isa = PBXFrameworksBuildPhase;
			buildActionMask = 2147483647;
			files = (
				B790776E176C6BBC60D718AA /* Pods_GPDelivery.framework in Frameworks */,
			);
			runOnlyForDeploymentPostprocessing = 0;
		};
		4521E1CD21004DAB00568BEE /* Frameworks */ = {
			isa = PBXFrameworksBuildPhase;
			buildActionMask = 2147483647;
			files = (
				0E9DB0A7457EE0F439E9FDFF /* Pods_GPDelivery_GPDeliveryTests.framework in Frameworks */,
			);
			runOnlyForDeploymentPostprocessing = 0;
		};
		4521E1D821004DAB00568BEE /* Frameworks */ = {
			isa = PBXFrameworksBuildPhase;
			buildActionMask = 2147483647;
			files = (
				28DC54E4A2628B7B557C133A /* Pods_GPDeliveryUITests.framework in Frameworks */,
			);
			runOnlyForDeploymentPostprocessing = 0;
		};
/* End PBXFrameworksBuildPhase section */

/* Begin PBXGroup section */
		4521E1B321004DA900568BEE = {
			isa = PBXGroup;
			children = (
				4521E1BE21004DA900568BEE /* GPDelivery */,
				4521E1D321004DAB00568BEE /* GPDeliveryTests */,
				4521E1DE21004DAB00568BEE /* GPDeliveryUITests */,
				4521E1BD21004DA900568BEE /* Products */,
				C604218E348D63F506D4B36E /* Pods */,
				4F350B202705A1C68AA0A8C9 /* Frameworks */,
			);
			sourceTree = "<group>";
		};
		4521E1BD21004DA900568BEE /* Products */ = {
			isa = PBXGroup;
			children = (
				4521E1BC21004DA900568BEE /* GPDelivery.app */,
				4521E1D021004DAB00568BEE /* GPDeliveryTests.xctest */,
				4521E1DB21004DAB00568BEE /* GPDeliveryUITests.xctest */,
			);
			name = Products;
			sourceTree = "<group>";
		};
		4521E1BE21004DA900568BEE /* GPDelivery */ = {
			isa = PBXGroup;
			children = (
				4521E1EE21004E4000568BEE /* Networking */,
				4521E1EF21004E4900568BEE /* Models */,
				4521E1F021004E4F00568BEE /* Views */,
				4521E1F121004E6000568BEE /* ViewModels */,
				4521E1F221004E6C00568BEE /* Utilities */,
				4521E1ED21004E3600568BEE /* Supporting Files */,
			);
			path = GPDelivery;
			sourceTree = "<group>";
		};
		4521E1D321004DAB00568BEE /* GPDeliveryTests */ = {
			isa = PBXGroup;
			children = (
				4521E1D621004DAB00568BEE /* Info.plist */,
				4574C1CB2100FEDA00252808 /* GPDeliveryNetworkTests.swift */,
				4574C1CA2100FEDA00252808 /* GPDeliveryTests-Bridging-Header.h */,
			);
			path = GPDeliveryTests;
			sourceTree = "<group>";
		};
		4521E1DE21004DAB00568BEE /* GPDeliveryUITests */ = {
			isa = PBXGroup;
			children = (
				4521E1DF21004DAB00568BEE /* GPDeliveryUITests.swift */,
				4521E1E121004DAB00568BEE /* Info.plist */,
			);
			path = GPDeliveryUITests;
			sourceTree = "<group>";
		};
		4521E1ED21004E3600568BEE /* Supporting Files */ = {
			isa = PBXGroup;
			children = (
				4521E1BF21004DA900568BEE /* AppDelegate.swift */,
				4521E1C621004DAA00568BEE /* Assets.xcassets */,
				4521E1C821004DAA00568BEE /* LaunchScreen.storyboard */,
				4521E1CB21004DAB00568BEE /* Info.plist */,
			);
			name = "Supporting Files";
			sourceTree = "<group>";
		};
		4521E1EE21004E4000568BEE /* Networking */ = {
			isa = PBXGroup;
			children = (
				4574C1C62100FC7F00252808 /* Core */,
				4574C1C72100FC8400252808 /* Delivery */,
			);
			path = Networking;
			sourceTree = "<group>";
		};
		4521E1EF21004E4900568BEE /* Models */ = {
			isa = PBXGroup;
			children = (
				4574C1B821009AE300252808 /* Delivery.swift */,
				4574C1B721009AE300252808 /* Location.swift */,
			);
			path = Models;
			sourceTree = "<group>";
		};
		4521E1F021004E4F00568BEE /* Views */ = {
			isa = PBXGroup;
			children = (
				4574C1B421009A7800252808 /* Base Views */,
				4574C1B321009A6500252808 /* Delivery */,
			);
			path = Views;
			sourceTree = "<group>";
		};
		4521E1F121004E6000568BEE /* ViewModels */ = {
			isa = PBXGroup;
			children = (
				4574C1D32101652600252808 /* DeliveryViewModel.swift */,
			);
			path = ViewModels;
			sourceTree = "<group>";
		};
		4521E1F221004E6C00568BEE /* Utilities */ = {
			isa = PBXGroup;
			children = (
				4574C1CD2101612D00252808 /* UIImage+GPDelivery.swift */,
				4574C1CF210161A600252808 /* UIColor+GPDelivery.swift */,
			);
			path = Utilities;
			sourceTree = "<group>";
		};
		4574C1B321009A6500252808 /* Delivery */ = {
			isa = PBXGroup;
			children = (
				4574C1C321009DB000252808 /* TableViewCells */,
				4574C1BB21009AF900252808 /* DeliveriesViewController.swift */,
				4574C1BD21009B4300252808 /* DeliveriesViewController+SetupViews.swift */,
			);
			path = Delivery;
			sourceTree = "<group>";
		};
		4574C1B421009A7800252808 /* Base Views */ = {
			isa = PBXGroup;
			children = (
				4574C1C121009CD100252808 /* BaseTableViewCell.swift */,
				4574C1BF21009C2000252808 /* BaseTableView.swift */,
				4574C1B521009A8400252808 /* BaseViewController.swift */,
			);
			path = "Base Views";
			sourceTree = "<group>";
		};
		4574C1C321009DB000252808 /* TableViewCells */ = {
			isa = PBXGroup;
			children = (
				4574C1C421009DC800252808 /* DeliveryTableViewCell.swift */,
			);
			name = TableViewCells;
			sourceTree = "<group>";
		};
		4574C1C62100FC7F00252808 /* Core */ = {
			isa = PBXGroup;
			children = (
			);
			path = Core;
			sourceTree = "<group>";
		};
		4574C1C72100FC8400252808 /* Delivery */ = {
			isa = PBXGroup;
			children = (
				4574C1C82100FCA900252808 /* DeliveryService.swift */,
			);
			path = Delivery;
			sourceTree = "<group>";
		};
		4F350B202705A1C68AA0A8C9 /* Frameworks */ = {
			isa = PBXGroup;
			children = (
				F69348760910F9797909A9ED /* Pods_GPDelivery.framework */,
				B349F3C2DABE34F2559D563E /* Pods_GPDelivery_GPDeliveryTests.framework */,
				AD8D1C4C825D09D26DF1ACC5 /* Pods_GPDeliveryUITests.framework */,
			);
			name = Frameworks;
			sourceTree = "<group>";
		};
		C604218E348D63F506D4B36E /* Pods */ = {
			isa = PBXGroup;
			children = (
				666C3BA5924DF0720AF35BA7 /* Pods-GPDelivery.debug.xcconfig */,
				6962917AED944400E0471F62 /* Pods-GPDelivery.release.xcconfig */,
				3A899122AB7B056CD6150657 /* Pods-GPDelivery-GPDeliveryTests.debug.xcconfig */,
				01B860B6307F0D97E48F592C /* Pods-GPDelivery-GPDeliveryTests.release.xcconfig */,
				046D3996692ABE110CF2BD88 /* Pods-GPDeliveryUITests.debug.xcconfig */,
				31B7648A86021F6627B6A051 /* Pods-GPDeliveryUITests.release.xcconfig */,
			);
			name = Pods;
			sourceTree = "<group>";
		};
/* End PBXGroup section */

/* Begin PBXNativeTarget section */
		4521E1BB21004DA900568BEE /* GPDelivery */ = {
			isa = PBXNativeTarget;
			buildConfigurationList = 4521E1E421004DAB00568BEE /* Build configuration list for PBXNativeTarget "GPDelivery" */;
			buildPhases = (
				2BDCC626526B2251B82DA930 /* [CP] Check Pods Manifest.lock */,
				4521E1B821004DA900568BEE /* Sources */,
				4521E1B921004DA900568BEE /* Frameworks */,
				4521E1BA21004DA900568BEE /* Resources */,
				6D199FDC265FBDCB5F67CA5C /* [CP] Embed Pods Frameworks */,
			);
			buildRules = (
			);
			dependencies = (
			);
			name = GPDelivery;
			productName = GPDelivery;
			productReference = 4521E1BC21004DA900568BEE /* GPDelivery.app */;
			productType = "com.apple.product-type.application";
		};
		4521E1CF21004DAB00568BEE /* GPDeliveryTests */ = {
			isa = PBXNativeTarget;
			buildConfigurationList = 4521E1E721004DAB00568BEE /* Build configuration list for PBXNativeTarget "GPDeliveryTests" */;
			buildPhases = (
				AEC0F3CD34847062F36F082C /* [CP] Check Pods Manifest.lock */,
				4521E1CC21004DAB00568BEE /* Sources */,
				4521E1CD21004DAB00568BEE /* Frameworks */,
				4521E1CE21004DAB00568BEE /* Resources */,
				51D2A23D86E6207C547A010E /* [CP] Embed Pods Frameworks */,
			);
			buildRules = (
			);
			dependencies = (
				4521E1D221004DAB00568BEE /* PBXTargetDependency */,
			);
			name = GPDeliveryTests;
			productName = GPDeliveryTests;
			productReference = 4521E1D021004DAB00568BEE /* GPDeliveryTests.xctest */;
			productType = "com.apple.product-type.bundle.unit-test";
		};
		4521E1DA21004DAB00568BEE /* GPDeliveryUITests */ = {
			isa = PBXNativeTarget;
			buildConfigurationList = 4521E1EA21004DAB00568BEE /* Build configuration list for PBXNativeTarget "GPDeliveryUITests" */;
			buildPhases = (
				88FB7C44CB4FAEA8195C5826 /* [CP] Check Pods Manifest.lock */,
				4521E1D721004DAB00568BEE /* Sources */,
				4521E1D821004DAB00568BEE /* Frameworks */,
				4521E1D921004DAB00568BEE /* Resources */,
			);
			buildRules = (
			);
			dependencies = (
				4521E1DD21004DAB00568BEE /* PBXTargetDependency */,
			);
			name = GPDeliveryUITests;
			productName = GPDeliveryUITests;
			productReference = 4521E1DB21004DAB00568BEE /* GPDeliveryUITests.xctest */;
			productType = "com.apple.product-type.bundle.ui-testing";
		};
/* End PBXNativeTarget section */

/* Begin PBXProject section */
		4521E1B421004DA900568BEE /* Project object */ = {
			isa = PBXProject;
			attributes = {
				LastSwiftUpdateCheck = 0940;
				LastUpgradeCheck = 0940;
				ORGANIZATIONNAME = "Glenn Von C. Posadas";
				TargetAttributes = {
					4521E1BB21004DA900568BEE = {
						CreatedOnToolsVersion = 9.4.1;
					};
					4521E1CF21004DAB00568BEE = {
						CreatedOnToolsVersion = 9.4.1;
						LastSwiftMigration = 0940;
						TestTargetID = 4521E1BB21004DA900568BEE;
					};
					4521E1DA21004DAB00568BEE = {
						CreatedOnToolsVersion = 9.4.1;
						TestTargetID = 4521E1BB21004DA900568BEE;
					};
				};
			};
			buildConfigurationList = 4521E1B721004DA900568BEE /* Build configuration list for PBXProject "GPDelivery" */;
			compatibilityVersion = "Xcode 9.3";
			developmentRegion = en;
			hasScannedForEncodings = 0;
			knownRegions = (
				en,
				Base,
			);
			mainGroup = 4521E1B321004DA900568BEE;
			productRefGroup = 4521E1BD21004DA900568BEE /* Products */;
			projectDirPath = "";
			projectRoot = "";
			targets = (
				4521E1BB21004DA900568BEE /* GPDelivery */,
				4521E1CF21004DAB00568BEE /* GPDeliveryTests */,
				4521E1DA21004DAB00568BEE /* GPDeliveryUITests */,
			);
		};
/* End PBXProject section */

/* Begin PBXResourcesBuildPhase section */
		4521E1BA21004DA900568BEE /* Resources */ = {
			isa = PBXResourcesBuildPhase;
			buildActionMask = 2147483647;
			files = (
				4521E1CA21004DAB00568BEE /* LaunchScreen.storyboard in Resources */,
				4521E1C721004DAA00568BEE /* Assets.xcassets in Resources */,
			);
			runOnlyForDeploymentPostprocessing = 0;
		};
		4521E1CE21004DAB00568BEE /* Resources */ = {
			isa = PBXResourcesBuildPhase;
			buildActionMask = 2147483647;
			files = (
			);
			runOnlyForDeploymentPostprocessing = 0;
		};
		4521E1D921004DAB00568BEE /* Resources */ = {
			isa = PBXResourcesBuildPhase;
			buildActionMask = 2147483647;
			files = (
			);
			runOnlyForDeploymentPostprocessing = 0;
		};
/* End PBXResourcesBuildPhase section */

/* Begin PBXShellScriptBuildPhase section */
		2BDCC626526B2251B82DA930 /* [CP] Check Pods Manifest.lock */ = {
			isa = PBXShellScriptBuildPhase;
			buildActionMask = 2147483647;
			files = (
			);
			inputPaths = (
				"${PODS_PODFILE_DIR_PATH}/Podfile.lock",
				"${PODS_ROOT}/Manifest.lock",
			);
			name = "[CP] Check Pods Manifest.lock";
			outputPaths = (
				"$(DERIVED_FILE_DIR)/Pods-GPDelivery-checkManifestLockResult.txt",
			);
			runOnlyForDeploymentPostprocessing = 0;
			shellPath = /bin/sh;
			shellScript = "diff \"${PODS_PODFILE_DIR_PATH}/Podfile.lock\" \"${PODS_ROOT}/Manifest.lock\" > /dev/null\nif [ $? != 0 ] ; then\n    # print error to STDERR\n    echo \"error: The sandbox is not in sync with the Podfile.lock. Run 'pod install' or update your CocoaPods installation.\" >&2\n    exit 1\nfi\n# This output is used by Xcode 'outputs' to avoid re-running this script phase.\necho \"SUCCESS\" > \"${SCRIPT_OUTPUT_FILE_0}\"\n";
			showEnvVarsInLog = 0;
		};
		51D2A23D86E6207C547A010E /* [CP] Embed Pods Frameworks */ = {
			isa = PBXShellScriptBuildPhase;
			buildActionMask = 2147483647;
			files = (
			);
			inputPaths = (
				"${SRCROOT}/../Pods/Target Support Files/Pods-GPDelivery-GPDeliveryTests/Pods-GPDelivery-GPDeliveryTests-frameworks.sh",
				"${BUILT_PRODUCTS_DIR}/Alamofire/Alamofire.framework",
				"${BUILT_PRODUCTS_DIR}/Kingfisher/Kingfisher.framework",
				"${BUILT_PRODUCTS_DIR}/Moya/Moya.framework",
				"${BUILT_PRODUCTS_DIR}/Result/Result.framework",
				"${BUILT_PRODUCTS_DIR}/SnapKit/SnapKit.framework",
				"${BUILT_PRODUCTS_DIR}/SwiftyJSON/SwiftyJSON.framework",
			);
			name = "[CP] Embed Pods Frameworks";
			outputPaths = (
				"${TARGET_BUILD_DIR}/${FRAMEWORKS_FOLDER_PATH}/Alamofire.framework",
				"${TARGET_BUILD_DIR}/${FRAMEWORKS_FOLDER_PATH}/Kingfisher.framework",
				"${TARGET_BUILD_DIR}/${FRAMEWORKS_FOLDER_PATH}/Moya.framework",
				"${TARGET_BUILD_DIR}/${FRAMEWORKS_FOLDER_PATH}/Result.framework",
				"${TARGET_BUILD_DIR}/${FRAMEWORKS_FOLDER_PATH}/SnapKit.framework",
				"${TARGET_BUILD_DIR}/${FRAMEWORKS_FOLDER_PATH}/SwiftyJSON.framework",
			);
			runOnlyForDeploymentPostprocessing = 0;
			shellPath = /bin/sh;
			shellScript = "\"${SRCROOT}/../Pods/Target Support Files/Pods-GPDelivery-GPDeliveryTests/Pods-GPDelivery-GPDeliveryTests-frameworks.sh\"\n";
			showEnvVarsInLog = 0;
		};
		6D199FDC265FBDCB5F67CA5C /* [CP] Embed Pods Frameworks */ = {
			isa = PBXShellScriptBuildPhase;
			buildActionMask = 2147483647;
			files = (
			);
			inputPaths = (
				"${SRCROOT}/../Pods/Target Support Files/Pods-GPDelivery/Pods-GPDelivery-frameworks.sh",
				"${BUILT_PRODUCTS_DIR}/Alamofire/Alamofire.framework",
				"${BUILT_PRODUCTS_DIR}/Kingfisher/Kingfisher.framework",
				"${BUILT_PRODUCTS_DIR}/Moya/Moya.framework",
				"${BUILT_PRODUCTS_DIR}/Result/Result.framework",
				"${BUILT_PRODUCTS_DIR}/SnapKit/SnapKit.framework",
				"${BUILT_PRODUCTS_DIR}/SwiftyJSON/SwiftyJSON.framework",
			);
			name = "[CP] Embed Pods Frameworks";
			outputPaths = (
				"${TARGET_BUILD_DIR}/${FRAMEWORKS_FOLDER_PATH}/Alamofire.framework",
				"${TARGET_BUILD_DIR}/${FRAMEWORKS_FOLDER_PATH}/Kingfisher.framework",
				"${TARGET_BUILD_DIR}/${FRAMEWORKS_FOLDER_PATH}/Moya.framework",
				"${TARGET_BUILD_DIR}/${FRAMEWORKS_FOLDER_PATH}/Result.framework",
				"${TARGET_BUILD_DIR}/${FRAMEWORKS_FOLDER_PATH}/SnapKit.framework",
				"${TARGET_BUILD_DIR}/${FRAMEWORKS_FOLDER_PATH}/SwiftyJSON.framework",
			);
			runOnlyForDeploymentPostprocessing = 0;
			shellPath = /bin/sh;
			shellScript = "\"${SRCROOT}/../Pods/Target Support Files/Pods-GPDelivery/Pods-GPDelivery-frameworks.sh\"\n";
			showEnvVarsInLog = 0;
		};
		88FB7C44CB4FAEA8195C5826 /* [CP] Check Pods Manifest.lock */ = {
			isa = PBXShellScriptBuildPhase;
			buildActionMask = 2147483647;
			files = (
			);
			inputPaths = (
				"${PODS_PODFILE_DIR_PATH}/Podfile.lock",
				"${PODS_ROOT}/Manifest.lock",
			);
			name = "[CP] Check Pods Manifest.lock";
			outputPaths = (
				"$(DERIVED_FILE_DIR)/Pods-GPDeliveryUITests-checkManifestLockResult.txt",
			);
			runOnlyForDeploymentPostprocessing = 0;
			shellPath = /bin/sh;
			shellScript = "diff \"${PODS_PODFILE_DIR_PATH}/Podfile.lock\" \"${PODS_ROOT}/Manifest.lock\" > /dev/null\nif [ $? != 0 ] ; then\n    # print error to STDERR\n    echo \"error: The sandbox is not in sync with the Podfile.lock. Run 'pod install' or update your CocoaPods installation.\" >&2\n    exit 1\nfi\n# This output is used by Xcode 'outputs' to avoid re-running this script phase.\necho \"SUCCESS\" > \"${SCRIPT_OUTPUT_FILE_0}\"\n";
			showEnvVarsInLog = 0;
		};
		AEC0F3CD34847062F36F082C /* [CP] Check Pods Manifest.lock */ = {
			isa = PBXShellScriptBuildPhase;
			buildActionMask = 2147483647;
			files = (
			);
			inputPaths = (
				"${PODS_PODFILE_DIR_PATH}/Podfile.lock",
				"${PODS_ROOT}/Manifest.lock",
			);
			name = "[CP] Check Pods Manifest.lock";
			outputPaths = (
				"$(DERIVED_FILE_DIR)/Pods-GPDelivery-GPDeliveryTests-checkManifestLockResult.txt",
			);
			runOnlyForDeploymentPostprocessing = 0;
			shellPath = /bin/sh;
			shellScript = "diff \"${PODS_PODFILE_DIR_PATH}/Podfile.lock\" \"${PODS_ROOT}/Manifest.lock\" > /dev/null\nif [ $? != 0 ] ; then\n    # print error to STDERR\n    echo \"error: The sandbox is not in sync with the Podfile.lock. Run 'pod install' or update your CocoaPods installation.\" >&2\n    exit 1\nfi\n# This output is used by Xcode 'outputs' to avoid re-running this script phase.\necho \"SUCCESS\" > \"${SCRIPT_OUTPUT_FILE_0}\"\n";
			showEnvVarsInLog = 0;
		};
/* End PBXShellScriptBuildPhase section */

/* Begin PBXSourcesBuildPhase section */
		4521E1B821004DA900568BEE /* Sources */ = {
			isa = PBXSourcesBuildPhase;
			buildActionMask = 2147483647;
			files = (
				4574C1C221009CD100252808 /* BaseTableViewCell.swift in Sources */,
				4574C1CE2101612D00252808 /* UIImage+GPDelivery.swift in Sources */,
				4574C1D0210161A600252808 /* UIColor+GPDelivery.swift in Sources */,
				4521E1C021004DA900568BEE /* AppDelegate.swift in Sources */,
				4574C1C021009C2000252808 /* BaseTableView.swift in Sources */,
				4574C1BC21009AF900252808 /* DeliveriesViewController.swift in Sources */,
				4574C1BA21009AE300252808 /* Delivery.swift in Sources */,
				4574C1C92100FCA900252808 /* DeliveryService.swift in Sources */,
				4574C1C521009DC800252808 /* DeliveryTableViewCell.swift in Sources */,
				4574C1B921009AE300252808 /* Location.swift in Sources */,
				4574C1D42101652600252808 /* DeliveryViewModel.swift in Sources */,
				4574C1B621009A8400252808 /* BaseViewController.swift in Sources */,
				4574C1BE21009B4300252808 /* DeliveriesViewController+SetupViews.swift in Sources */,
			);
			runOnlyForDeploymentPostprocessing = 0;
		};
		4521E1CC21004DAB00568BEE /* Sources */ = {
			isa = PBXSourcesBuildPhase;
			buildActionMask = 2147483647;
			files = (
				4574C1CC2100FEDA00252808 /* GPDeliveryNetworkTests.swift in Sources */,
			);
			runOnlyForDeploymentPostprocessing = 0;
		};
		4521E1D721004DAB00568BEE /* Sources */ = {
			isa = PBXSourcesBuildPhase;
			buildActionMask = 2147483647;
			files = (
				4521E1E021004DAB00568BEE /* GPDeliveryUITests.swift in Sources */,
			);
			runOnlyForDeploymentPostprocessing = 0;
		};
/* End PBXSourcesBuildPhase section */

/* Begin PBXTargetDependency section */
		4521E1D221004DAB00568BEE /* PBXTargetDependency */ = {
			isa = PBXTargetDependency;
			target = 4521E1BB21004DA900568BEE /* GPDelivery */;
			targetProxy = 4521E1D121004DAB00568BEE /* PBXContainerItemProxy */;
		};
		4521E1DD21004DAB00568BEE /* PBXTargetDependency */ = {
			isa = PBXTargetDependency;
			target = 4521E1BB21004DA900568BEE /* GPDelivery */;
			targetProxy = 4521E1DC21004DAB00568BEE /* PBXContainerItemProxy */;
		};
/* End PBXTargetDependency section */

/* Begin PBXVariantGroup section */
		4521E1C821004DAA00568BEE /* LaunchScreen.storyboard */ = {
			isa = PBXVariantGroup;
			children = (
				4521E1C921004DAA00568BEE /* Base */,
			);
			name = LaunchScreen.storyboard;
			sourceTree = "<group>";
		};
/* End PBXVariantGroup section */

/* Begin XCBuildConfiguration section */
		4521E1E221004DAB00568BEE /* Debug */ = {
			isa = XCBuildConfiguration;
			buildSettings = {
				ALWAYS_SEARCH_USER_PATHS = NO;
				CLANG_ANALYZER_NONNULL = YES;
				CLANG_ANALYZER_NUMBER_OBJECT_CONVERSION = YES_AGGRESSIVE;
				CLANG_CXX_LANGUAGE_STANDARD = "gnu++14";
				CLANG_CXX_LIBRARY = "libc++";
				CLANG_ENABLE_MODULES = YES;
				CLANG_ENABLE_OBJC_ARC = YES;
				CLANG_ENABLE_OBJC_WEAK = YES;
				CLANG_WARN_BLOCK_CAPTURE_AUTORELEASING = YES;
				CLANG_WARN_BOOL_CONVERSION = YES;
				CLANG_WARN_COMMA = YES;
				CLANG_WARN_CONSTANT_CONVERSION = YES;
				CLANG_WARN_DEPRECATED_OBJC_IMPLEMENTATIONS = YES;
				CLANG_WARN_DIRECT_OBJC_ISA_USAGE = YES_ERROR;
				CLANG_WARN_DOCUMENTATION_COMMENTS = YES;
				CLANG_WARN_EMPTY_BODY = YES;
				CLANG_WARN_ENUM_CONVERSION = YES;
				CLANG_WARN_INFINITE_RECURSION = YES;
				CLANG_WARN_INT_CONVERSION = YES;
				CLANG_WARN_NON_LITERAL_NULL_CONVERSION = YES;
				CLANG_WARN_OBJC_IMPLICIT_RETAIN_SELF = YES;
				CLANG_WARN_OBJC_LITERAL_CONVERSION = YES;
				CLANG_WARN_OBJC_ROOT_CLASS = YES_ERROR;
				CLANG_WARN_RANGE_LOOP_ANALYSIS = YES;
				CLANG_WARN_STRICT_PROTOTYPES = YES;
				CLANG_WARN_SUSPICIOUS_MOVE = YES;
				CLANG_WARN_UNGUARDED_AVAILABILITY = YES_AGGRESSIVE;
				CLANG_WARN_UNREACHABLE_CODE = YES;
				CLANG_WARN__DUPLICATE_METHOD_MATCH = YES;
				CODE_SIGN_IDENTITY = "iPhone Developer";
				COPY_PHASE_STRIP = NO;
				DEBUG_INFORMATION_FORMAT = dwarf;
				ENABLE_STRICT_OBJC_MSGSEND = YES;
				ENABLE_TESTABILITY = YES;
				GCC_C_LANGUAGE_STANDARD = gnu11;
				GCC_DYNAMIC_NO_PIC = NO;
				GCC_NO_COMMON_BLOCKS = YES;
				GCC_OPTIMIZATION_LEVEL = 0;
				GCC_PREPROCESSOR_DEFINITIONS = (
					"DEBUG=1",
					"$(inherited)",
				);
				GCC_WARN_64_TO_32_BIT_CONVERSION = YES;
				GCC_WARN_ABOUT_RETURN_TYPE = YES_ERROR;
				GCC_WARN_UNDECLARED_SELECTOR = YES;
				GCC_WARN_UNINITIALIZED_AUTOS = YES_AGGRESSIVE;
				GCC_WARN_UNUSED_FUNCTION = YES;
				GCC_WARN_UNUSED_VARIABLE = YES;
				IPHONEOS_DEPLOYMENT_TARGET = 11.4;
				MTL_ENABLE_DEBUG_INFO = YES;
				ONLY_ACTIVE_ARCH = YES;
				SDKROOT = iphoneos;
				SWIFT_ACTIVE_COMPILATION_CONDITIONS = DEBUG;
				SWIFT_OPTIMIZATION_LEVEL = "-Onone";
			};
			name = Debug;
		};
		4521E1E321004DAB00568BEE /* Release */ = {
			isa = XCBuildConfiguration;
			buildSettings = {
				ALWAYS_SEARCH_USER_PATHS = NO;
				CLANG_ANALYZER_NONNULL = YES;
				CLANG_ANALYZER_NUMBER_OBJECT_CONVERSION = YES_AGGRESSIVE;
				CLANG_CXX_LANGUAGE_STANDARD = "gnu++14";
				CLANG_CXX_LIBRARY = "libc++";
				CLANG_ENABLE_MODULES = YES;
				CLANG_ENABLE_OBJC_ARC = YES;
				CLANG_ENABLE_OBJC_WEAK = YES;
				CLANG_WARN_BLOCK_CAPTURE_AUTORELEASING = YES;
				CLANG_WARN_BOOL_CONVERSION = YES;
				CLANG_WARN_COMMA = YES;
				CLANG_WARN_CONSTANT_CONVERSION = YES;
				CLANG_WARN_DEPRECATED_OBJC_IMPLEMENTATIONS = YES;
				CLANG_WARN_DIRECT_OBJC_ISA_USAGE = YES_ERROR;
				CLANG_WARN_DOCUMENTATION_COMMENTS = YES;
				CLANG_WARN_EMPTY_BODY = YES;
				CLANG_WARN_ENUM_CONVERSION = YES;
				CLANG_WARN_INFINITE_RECURSION = YES;
				CLANG_WARN_INT_CONVERSION = YES;
				CLANG_WARN_NON_LITERAL_NULL_CONVERSION = YES;
				CLANG_WARN_OBJC_IMPLICIT_RETAIN_SELF = YES;
				CLANG_WARN_OBJC_LITERAL_CONVERSION = YES;
				CLANG_WARN_OBJC_ROOT_CLASS = YES_ERROR;
				CLANG_WARN_RANGE_LOOP_ANALYSIS = YES;
				CLANG_WARN_STRICT_PROTOTYPES = YES;
				CLANG_WARN_SUSPICIOUS_MOVE = YES;
				CLANG_WARN_UNGUARDED_AVAILABILITY = YES_AGGRESSIVE;
				CLANG_WARN_UNREACHABLE_CODE = YES;
				CLANG_WARN__DUPLICATE_METHOD_MATCH = YES;
				CODE_SIGN_IDENTITY = "iPhone Developer";
				COPY_PHASE_STRIP = NO;
				DEBUG_INFORMATION_FORMAT = "dwarf-with-dsym";
				ENABLE_NS_ASSERTIONS = NO;
				ENABLE_STRICT_OBJC_MSGSEND = YES;
				GCC_C_LANGUAGE_STANDARD = gnu11;
				GCC_NO_COMMON_BLOCKS = YES;
				GCC_WARN_64_TO_32_BIT_CONVERSION = YES;
				GCC_WARN_ABOUT_RETURN_TYPE = YES_ERROR;
				GCC_WARN_UNDECLARED_SELECTOR = YES;
				GCC_WARN_UNINITIALIZED_AUTOS = YES_AGGRESSIVE;
				GCC_WARN_UNUSED_FUNCTION = YES;
				GCC_WARN_UNUSED_VARIABLE = YES;
				IPHONEOS_DEPLOYMENT_TARGET = 11.4;
				MTL_ENABLE_DEBUG_INFO = NO;
				SDKROOT = iphoneos;
				SWIFT_COMPILATION_MODE = wholemodule;
				SWIFT_OPTIMIZATION_LEVEL = "-O";
				VALIDATE_PRODUCT = YES;
			};
			name = Release;
		};
		4521E1E521004DAB00568BEE /* Debug */ = {
			isa = XCBuildConfiguration;
			baseConfigurationReference = 666C3BA5924DF0720AF35BA7 /* Pods-GPDelivery.debug.xcconfig */;
			buildSettings = {
				ASSETCATALOG_COMPILER_APPICON_NAME = AppIcon;
				CODE_SIGN_STYLE = Automatic;
				DEVELOPMENT_TEAM = RE4YFXSB23;
				INFOPLIST_FILE = GPDelivery/Info.plist;
				IPHONEOS_DEPLOYMENT_TARGET = 9.0;
				LD_RUNPATH_SEARCH_PATHS = (
					"$(inherited)",
					"@executable_path/Frameworks",
				);
				PRODUCT_BUNDLE_IDENTIFIER = com.gamstudios.app.GPDelivery;
				PRODUCT_NAME = "$(TARGET_NAME)";
				SWIFT_VERSION = 4.0;
				TARGETED_DEVICE_FAMILY = "1,2";
			};
			name = Debug;
		};
		4521E1E621004DAB00568BEE /* Release */ = {
			isa = XCBuildConfiguration;
			baseConfigurationReference = 6962917AED944400E0471F62 /* Pods-GPDelivery.release.xcconfig */;
			buildSettings = {
				ASSETCATALOG_COMPILER_APPICON_NAME = AppIcon;
				CODE_SIGN_STYLE = Automatic;
				DEVELOPMENT_TEAM = RE4YFXSB23;
				INFOPLIST_FILE = GPDelivery/Info.plist;
				IPHONEOS_DEPLOYMENT_TARGET = 9.0;
				LD_RUNPATH_SEARCH_PATHS = (
					"$(inherited)",
					"@executable_path/Frameworks",
				);
				PRODUCT_BUNDLE_IDENTIFIER = com.gamstudios.app.GPDelivery;
				PRODUCT_NAME = "$(TARGET_NAME)";
				SWIFT_VERSION = 4.0;
				TARGETED_DEVICE_FAMILY = "1,2";
			};
			name = Release;
		};
		4521E1E821004DAB00568BEE /* Debug */ = {
			isa = XCBuildConfiguration;
			baseConfigurationReference = 3A899122AB7B056CD6150657 /* Pods-GPDelivery-GPDeliveryTests.debug.xcconfig */;
			buildSettings = {
				ALWAYS_EMBED_SWIFT_STANDARD_LIBRARIES = YES;
				BUNDLE_LOADER = "$(TEST_HOST)";
				CLANG_ENABLE_MODULES = YES;
				CODE_SIGN_STYLE = Automatic;
				INFOPLIST_FILE = GPDeliveryTests/Info.plist;
				LD_RUNPATH_SEARCH_PATHS = (
					"$(inherited)",
					"@executable_path/Frameworks",
					"@loader_path/Frameworks",
				);
				PRODUCT_BUNDLE_IDENTIFIER = com.gamstudios.app.GPDeliveryTests;
				PRODUCT_NAME = "$(TARGET_NAME)";
				SWIFT_OBJC_BRIDGING_HEADER = "GPDeliveryTests/GPDeliveryTests-Bridging-Header.h";
				SWIFT_OPTIMIZATION_LEVEL = "-Onone";
				SWIFT_VERSION = 4.0;
				TARGETED_DEVICE_FAMILY = "1,2";
				TEST_HOST = "$(BUILT_PRODUCTS_DIR)/GPDelivery.app/GPDelivery";
			};
			name = Debug;
		};
		4521E1E921004DAB00568BEE /* Release */ = {
			isa = XCBuildConfiguration;
			baseConfigurationReference = 01B860B6307F0D97E48F592C /* Pods-GPDelivery-GPDeliveryTests.release.xcconfig */;
			buildSettings = {
				ALWAYS_EMBED_SWIFT_STANDARD_LIBRARIES = YES;
				BUNDLE_LOADER = "$(TEST_HOST)";
				CLANG_ENABLE_MODULES = YES;
				CODE_SIGN_STYLE = Automatic;
				INFOPLIST_FILE = GPDeliveryTests/Info.plist;
				LD_RUNPATH_SEARCH_PATHS = (
					"$(inherited)",
					"@executable_path/Frameworks",
					"@loader_path/Frameworks",
				);
				PRODUCT_BUNDLE_IDENTIFIER = com.gamstudios.app.GPDeliveryTests;
				PRODUCT_NAME = "$(TARGET_NAME)";
				SWIFT_OBJC_BRIDGING_HEADER = "GPDeliveryTests/GPDeliveryTests-Bridging-Header.h";
				SWIFT_VERSION = 4.0;
				TARGETED_DEVICE_FAMILY = "1,2";
				TEST_HOST = "$(BUILT_PRODUCTS_DIR)/GPDelivery.app/GPDelivery";
			};
			name = Release;
		};
		4521E1EB21004DAB00568BEE /* Debug */ = {
			isa = XCBuildConfiguration;
			baseConfigurationReference = 046D3996692ABE110CF2BD88 /* Pods-GPDeliveryUITests.debug.xcconfig */;
			buildSettings = {
				ALWAYS_EMBED_SWIFT_STANDARD_LIBRARIES = YES;
				CODE_SIGN_STYLE = Automatic;
				INFOPLIST_FILE = GPDeliveryUITests/Info.plist;
				LD_RUNPATH_SEARCH_PATHS = (
					"$(inherited)",
					"@executable_path/Frameworks",
					"@loader_path/Frameworks",
				);
				PRODUCT_BUNDLE_IDENTIFIER = com.gamstudios.app.GPDeliveryUITests;
				PRODUCT_NAME = "$(TARGET_NAME)";
				SWIFT_VERSION = 4.0;
				TARGETED_DEVICE_FAMILY = "1,2";
				TEST_TARGET_NAME = GPDelivery;
			};
			name = Debug;
		};
		4521E1EC21004DAB00568BEE /* Release */ = {
			isa = XCBuildConfiguration;
			baseConfigurationReference = 31B7648A86021F6627B6A051 /* Pods-GPDeliveryUITests.release.xcconfig */;
			buildSettings = {
				ALWAYS_EMBED_SWIFT_STANDARD_LIBRARIES = YES;
				CODE_SIGN_STYLE = Automatic;
				INFOPLIST_FILE = GPDeliveryUITests/Info.plist;
				LD_RUNPATH_SEARCH_PATHS = (
					"$(inherited)",
					"@executable_path/Frameworks",
					"@loader_path/Frameworks",
				);
				PRODUCT_BUNDLE_IDENTIFIER = com.gamstudios.app.GPDeliveryUITests;
				PRODUCT_NAME = "$(TARGET_NAME)";
				SWIFT_VERSION = 4.0;
				TARGETED_DEVICE_FAMILY = "1,2";
				TEST_TARGET_NAME = GPDelivery;
			};
			name = Release;
		};
/* End XCBuildConfiguration section */

/* Begin XCConfigurationList section */
		4521E1B721004DA900568BEE /* Build configuration list for PBXProject "GPDelivery" */ = {
			isa = XCConfigurationList;
			buildConfigurations = (
				4521E1E221004DAB00568BEE /* Debug */,
				4521E1E321004DAB00568BEE /* Release */,
			);
			defaultConfigurationIsVisible = 0;
			defaultConfigurationName = Release;
		};
		4521E1E421004DAB00568BEE /* Build configuration list for PBXNativeTarget "GPDelivery" */ = {
			isa = XCConfigurationList;
			buildConfigurations = (
				4521E1E521004DAB00568BEE /* Debug */,
				4521E1E621004DAB00568BEE /* Release */,
			);
			defaultConfigurationIsVisible = 0;
			defaultConfigurationName = Release;
		};
		4521E1E721004DAB00568BEE /* Build configuration list for PBXNativeTarget "GPDeliveryTests" */ = {
			isa = XCConfigurationList;
			buildConfigurations = (
				4521E1E821004DAB00568BEE /* Debug */,
				4521E1E921004DAB00568BEE /* Release */,
			);
			defaultConfigurationIsVisible = 0;
			defaultConfigurationName = Release;
		};
		4521E1EA21004DAB00568BEE /* Build configuration list for PBXNativeTarget "GPDeliveryUITests" */ = {
			isa = XCConfigurationList;
			buildConfigurations = (
				4521E1EB21004DAB00568BEE /* Debug */,
				4521E1EC21004DAB00568BEE /* Release */,
			);
			defaultConfigurationIsVisible = 0;
			defaultConfigurationName = Release;
		};
/* End XCConfigurationList section */
	};
	rootObject = 4521E1B421004DA900568BEE /* Project object */;
}
